
Microsoft Visual Studio Solution File, Format Version 12.00
# Visual Studio Version 17
VisualStudioVersion = 17.5.002.0
MinimumVisualStudioVersion = 10.0.40219.1
Project("{9A19103F-16F7-4668-BE54-9A1E7A4F7556}") = "test_program", "test_program\test_program.csproj", "{276B0D84-56C1-4A10-8C0F-A9BCBFD44E41}"
EndProject
Global
	GlobalSection(SolutionConfigurationPlatforms) = preSolution
		Debug|Any CPU = Debug|Any CPU
		Release|Any CPU = Release|Any CPU
	EndGlobalSection
	GlobalSection(ProjectConfigurationPlatforms) = postSolution
		{276B0D84-56C1-4A10-8C0F-A9BCBFD44E41}.Debug|Any CPU.ActiveCfg = Debug|Any CPU
		{276B0D84-56C1-4A10-8C0F-A9BCBFD44E41}.Debug|Any CPU.Build.0 = Debug|Any CPU
		{276B0D84-56C1-4A10-8C0F-A9BCBFD44E41}.Release|Any CPU.ActiveCfg = Release|Any CPU
		{276B0D84-56C1-4A10-8C0F-A9BCBFD44E41}.Release|Any CPU.Build.0 = Release|Any CPU
	EndGlobalSection
	GlobalSection(SolutionProperties) = preSolution
		HideSolutionNode = FALSE
	EndGlobalSection
	GlobalSection(ExtensibilityGlobals) = postSolution
		SolutionGuid = {AD19FFBA-2594-46D5-BDF5-8875C64D2E9A}
	EndGlobalSection
EndGlobal
